# This file is autogenerated, do not edit; changes may be undone by the next 'dep ensure'.


[[projects]]
  digest = "1:fd9bea48bbc5bba66d9891c72af7255fbebecdff845c37c679406174ece5ca1b"
  name = "github.com/kelseyhightower/envconfig"
  packages = ["."]
  pruneopts = "UT"
  revision = "0b417c4ec4a8a82eecc22a1459a504aa55163d61"
  version = "v1.4.0"

[[projects]]
  branch = "master"
  digest = "1:211f154d8ebc0bf8ed369808b9cc59c63f20afc62b95a7b6aea8d708be873518"
  name = "github.com/nishanths/go-xkcd"
  packages = ["."]
  pruneopts = "UT"
  revision = "9497d909de390b9a8dd0d88975cf0ce7d0b4d688"

[solve-meta]
  analyzer-name = "dep"
  analyzer-version = 1
  input-imports = [
    "github.com/kelseyhightower/envconfig",
    "github.com/nishanths/go-xkcd",
  ]
  solver-name = "gps-cdcl"
  solver-version = 1
